
Microsoft Visual Studio Solution File, Format Version 12.00
Project("{FAE04EC0-301F-11D3-BF4B-00C04F79EFBC}") = "ApiGateway", "ApiGateway\ApiGateway.csproj", "{5130C8B2-5075-4C2C-9127-CC302D0B083E}"
EndProject
Global
	GlobalSection(SolutionConfigurationPlatforms) = preSolution
		Debug|Any CPU = Debug|Any CPU
		Release|Any CPU = Release|Any CPU
	EndGlobalSection
	GlobalSection(ProjectConfigurationPlatforms) = postSolution
		{5130C8B2-5075-4C2C-9127-CC302D0B083E}.Debug|Any CPU.ActiveCfg = Debug|Any CPU
		{5130C8B2-5075-4C2C-9127-CC302D0B083E}.Debug|Any CPU.Build.0 = Debug|Any CPU
		{5130C8B2-5075-4C2C-9127-CC302D0B083E}.Release|Any CPU.ActiveCfg = Release|Any CPU
		{5130C8B2-5075-4C2C-9127-CC302D0B083E}.Release|Any CPU.Build.0 = Release|Any CPU
	EndGlobalSection
EndGlobal
