
Microsoft Visual Studio Solution File, Format Version 12.00
Project("{FAE04EC0-301F-11D3-BF4B-00C04F79EFBC}") = "NotificationService", "NotificationService\NotificationService.csproj", "{2B3F1BC0-2ECA-4632-952C-9B85EDCAC3FE}"
EndProject
Global
	GlobalSection(SolutionConfigurationPlatforms) = preSolution
		Debug|Any CPU = Debug|Any CPU
		Release|Any CPU = Release|Any CPU
	EndGlobalSection
	GlobalSection(ProjectConfigurationPlatforms) = postSolution
		{2B3F1BC0-2ECA-4632-952C-9B85EDCAC3FE}.Debug|Any CPU.ActiveCfg = Debug|Any CPU
		{2B3F1BC0-2ECA-4632-952C-9B85EDCAC3FE}.Debug|Any CPU.Build.0 = Debug|Any CPU
		{2B3F1BC0-2ECA-4632-952C-9B85EDCAC3FE}.Release|Any CPU.ActiveCfg = Release|Any CPU
		{2B3F1BC0-2ECA-4632-952C-9B85EDCAC3FE}.Release|Any CPU.Build.0 = Release|Any CPU
	EndGlobalSection
EndGlobal
